lockfileVersion: '9.0'

settings:
  autoInstallPeers: true
  excludeLinksFromLockfile: false

importers:

  .:
    dependencies:
      otpauth:
        specifier: ^9.0.0
        version: 9.5.0

packages:

  '@noble/hashes@2.0.1':
    resolution: {integrity: sha512-XlOlEbQcE9fmuXxrVTXCTlG2nlRXa9Rj3rr5Ue/+tX+nmkgbX720YHh0VR3hBF9xDvwnb8D2shVGOwNx+ulArw==}
    engines: {node: '>= 20.19.0'}

  otpauth@9.5.0:
    resolution: {integrity: sha512-Ldhc6UYl4baR5toGr8nfKC+L/b8/RgHKoIixAebgoNGzUUCET02g04rMEZ2ZsPfeVQhMHcuaOgb28nwMr81zCA==}

snapshots:

  '@noble/hashes@2.0.1': {}

  otpauth@9.5.0:
    dependencies:
      '@noble/hashes': 2.0.1
